
Microsoft Visual Studio Solution File, Format Version 12.00
# Visual Studio Version 17
VisualStudioVersion = 17.12.35309.182
MinimumVisualStudioVersion = 10.0.40219.1
Project("{FAE04EC0-301F-11D3-BF4B-00C04F79EFBC}") = "DotnetTestingApp.Api", "DotnetTestingApp.Api\DotnetTestingApp.Api.csproj", "{12047851-C8FD-495F-9C0D-096555F862A5}"
EndProject
Project("{FAE04EC0-301F-11D3-BF4B-00C04F79EFBC}") = "DotNetTestingApp.Console", "DotNetTestingApp.Console\DotNetTestingApp.Console.csproj", "{700EB2BD-3868-439D-B0D3-44CF68DC82C2}"
EndProject
Project("{FAE04EC0-301F-11D3-BF4B-00C04F79EFBC}") = "DotNetTestingApp.Aspire.AppHost", "DotNetTestingApp.Aspire\DotNetTestingApp.Aspire.AppHost\DotNetTestingApp.Aspire.AppHost.csproj", "{6A0FA984-A188-4022-B369-92E659512D5E}"
EndProject
Project("{FAE04EC0-301F-11D3-BF4B-00C04F79EFBC}") = "DotNetTestingApp.Aspire.ServiceDefaults", "DotNetTestingApp.Aspire\DotNetTestingApp.Aspire.ServiceDefaults\DotNetTestingApp.Aspire.ServiceDefaults.csproj", "{6308408B-D1D2-452A-9046-3B04DFE6F3D9}"
EndProject
Project("{FAE04EC0-301F-11D3-BF4B-00C04F79EFBC}") = "DotNetTestingApp.Aspire.ApiService", "DotNetTestingApp.Aspire\DotNetTestingApp.Aspire.ApiService\DotNetTestingApp.Aspire.ApiService.csproj", "{405D9067-A8D1-4C55-B8EB-E987EC77BD7B}"
EndProject
Project("{FAE04EC0-301F-11D3-BF4B-00C04F79EFBC}") = "DotNetTestingApp.Aspire.Web", "DotNetTestingApp.Aspire\DotNetTestingApp.Aspire.Web\DotNetTestingApp.Aspire.Web.csproj", "{3F316EA1-B0FC-450C-8251-311A70D2F394}"
EndProject
Project("{FAE04EC0-301F-11D3-BF4B-00C04F79EFBC}") = "DotNetTestingApp.Entities", "DotNetTestingApp.Entities\DotNetTestingApp.Entities.csproj", "{A426F04A-3359-41BC-89A9-00776A90F8BE}"
EndProject
Project("{FAE04EC0-301F-11D3-BF4B-00C04F79EFBC}") = "DomainBusinesses", "DomainBusinesses\DomainBusinesses.csproj", "{4DB7E4B6-FB0E-482D-98AA-EF49B1D6F3F6}"
EndProject
Project("{FAE04EC0-301F-11D3-BF4B-00C04F79EFBC}") = "Services", "Services\Services.csproj", "{A5453E5E-95DA-4AE0-9F7D-B62206859328}"
EndProject
Project("{E53339B2-1760-4266-BCC7-CA923CBCF16C}") = "docker-compose", "docker-compose.dcproj", "{7A0A2643-421A-4E31-8AB0-4C9D84259BDB}"
EndProject
Project("{FAE04EC0-301F-11D3-BF4B-00C04F79EFBC}") = "DotNetTestingApp.Tests", "DotNetTestingApp.Tests\DotNetTestingApp.Tests.csproj", "{C9E4B777-62AA-449C-A726-004BC4AD1E93}"
EndProject
Global
	GlobalSection(SolutionConfigurationPlatforms) = preSolution
		Debug|Any CPU = Debug|Any CPU
		Release|Any CPU = Release|Any CPU
	EndGlobalSection
	GlobalSection(ProjectConfigurationPlatforms) = postSolution
		{12047851-C8FD-495F-9C0D-096555F862A5}.Debug|Any CPU.ActiveCfg = Debug|Any CPU
		{12047851-C8FD-495F-9C0D-096555F862A5}.Debug|Any CPU.Build.0 = Debug|Any CPU
		{12047851-C8FD-495F-9C0D-096555F862A5}.Release|Any CPU.ActiveCfg = Release|Any CPU
		{12047851-C8FD-495F-9C0D-096555F862A5}.Release|Any CPU.Build.0 = Release|Any CPU
		{700EB2BD-3868-439D-B0D3-44CF68DC82C2}.Debug|Any CPU.ActiveCfg = Debug|Any CPU
		{700EB2BD-3868-439D-B0D3-44CF68DC82C2}.Debug|Any CPU.Build.0 = Debug|Any CPU
		{700EB2BD-3868-439D-B0D3-44CF68DC82C2}.Release|Any CPU.ActiveCfg = Release|Any CPU
		{700EB2BD-3868-439D-B0D3-44CF68DC82C2}.Release|Any CPU.Build.0 = Release|Any CPU
		{6A0FA984-A188-4022-B369-92E659512D5E}.Debug|Any CPU.ActiveCfg = Debug|Any CPU
		{6A0FA984-A188-4022-B369-92E659512D5E}.Debug|Any CPU.Build.0 = Debug|Any CPU
		{6A0FA984-A188-4022-B369-92E659512D5E}.Release|Any CPU.ActiveCfg = Release|Any CPU
		{6A0FA984-A188-4022-B369-92E659512D5E}.Release|Any CPU.Build.0 = Release|Any CPU
		{6308408B-D1D2-452A-9046-3B04DFE6F3D9}.Debug|Any CPU.ActiveCfg = Debug|Any CPU
		{6308408B-D1D2-452A-9046-3B04DFE6F3D9}.Debug|Any CPU.Build.0 = Debug|Any CPU
		{6308408B-D1D2-452A-9046-3B04DFE6F3D9}.Release|Any CPU.ActiveCfg = Release|Any CPU
		{6308408B-D1D2-452A-9046-3B04DFE6F3D9}.Release|Any CPU.Build.0 = Release|Any CPU
		{405D9067-A8D1-4C55-B8EB-E987EC77BD7B}.Debug|Any CPU.ActiveCfg = Debug|Any CPU
		{405D9067-A8D1-4C55-B8EB-E987EC77BD7B}.Debug|Any CPU.Build.0 = Debug|Any CPU
		{405D9067-A8D1-4C55-B8EB-E987EC77BD7B}.Release|Any CPU.ActiveCfg = Release|Any CPU
		{405D9067-A8D1-4C55-B8EB-E987EC77BD7B}.Release|Any CPU.Build.0 = Release|Any CPU
		{3F316EA1-B0FC-450C-8251-311A70D2F394}.Debug|Any CPU.ActiveCfg = Debug|Any CPU
		{3F316EA1-B0FC-450C-8251-311A70D2F394}.Debug|Any CPU.Build.0 = Debug|Any CPU
		{3F316EA1-B0FC-450C-8251-311A70D2F394}.Release|Any CPU.ActiveCfg = Release|Any CPU
		{3F316EA1-B0FC-450C-8251-311A70D2F394}.Release|Any CPU.Build.0 = Release|Any CPU
		{A426F04A-3359-41BC-89A9-00776A90F8BE}.Debug|Any CPU.ActiveCfg = Debug|Any CPU
		{A426F04A-3359-41BC-89A9-00776A90F8BE}.Debug|Any CPU.Build.0 = Debug|Any CPU
		{A426F04A-3359-41BC-89A9-00776A90F8BE}.Release|Any CPU.ActiveCfg = Release|Any CPU
		{A426F04A-3359-41BC-89A9-00776A90F8BE}.Release|Any CPU.Build.0 = Release|Any CPU
		{4DB7E4B6-FB0E-482D-98AA-EF49B1D6F3F6}.Debug|Any CPU.ActiveCfg = Debug|Any CPU
		{4DB7E4B6-FB0E-482D-98AA-EF49B1D6F3F6}.Debug|Any CPU.Build.0 = Debug|Any CPU
		{4DB7E4B6-FB0E-482D-98AA-EF49B1D6F3F6}.Release|Any CPU.ActiveCfg = Release|Any CPU
		{4DB7E4B6-FB0E-482D-98AA-EF49B1D6F3F6}.Release|Any CPU.Build.0 = Release|Any CPU
		{A5453E5E-95DA-4AE0-9F7D-B62206859328}.Debug|Any CPU.ActiveCfg = Debug|Any CPU
		{A5453E5E-95DA-4AE0-9F7D-B62206859328}.Debug|Any CPU.Build.0 = Debug|Any CPU
		{A5453E5E-95DA-4AE0-9F7D-B62206859328}.Release|Any CPU.ActiveCfg = Release|Any CPU
		{A5453E5E-95DA-4AE0-9F7D-B62206859328}.Release|Any CPU.Build.0 = Release|Any CPU
		{7A0A2643-421A-4E31-8AB0-4C9D84259BDB}.Debug|Any CPU.ActiveCfg = Debug|Any CPU
		{7A0A2643-421A-4E31-8AB0-4C9D84259BDB}.Debug|Any CPU.Build.0 = Debug|Any CPU
		{7A0A2643-421A-4E31-8AB0-4C9D84259BDB}.Release|Any CPU.ActiveCfg = Release|Any CPU
		{7A0A2643-421A-4E31-8AB0-4C9D84259BDB}.Release|Any CPU.Build.0 = Release|Any CPU
		{C9E4B777-62AA-449C-A726-004BC4AD1E93}.Debug|Any CPU.ActiveCfg = Debug|Any CPU
		{C9E4B777-62AA-449C-A726-004BC4AD1E93}.Debug|Any CPU.Build.0 = Debug|Any CPU
		{C9E4B777-62AA-449C-A726-004BC4AD1E93}.Release|Any CPU.ActiveCfg = Release|Any CPU
		{C9E4B777-62AA-449C-A726-004BC4AD1E93}.Release|Any CPU.Build.0 = Release|Any CPU
	EndGlobalSection
	GlobalSection(SolutionProperties) = preSolution
		HideSolutionNode = FALSE
	EndGlobalSection
	GlobalSection(ExtensibilityGlobals) = postSolution
		SolutionGuid = {E0FC3C31-7B8C-460A-AC31-775F2601D608}
	EndGlobalSection
EndGlobal
